
Microsoft Visual Studio Solution File, Format Version 12.00
# Visual Studio Version 16
VisualStudioVersion = 16.0.30204.135
MinimumVisualStudioVersion = 10.0.40219.1
Project("{FAE04EC0-301F-11D3-BF4B-00C04F79EFBC}") = "Notes.WebApi", "Notes.WebApi.csproj", "{9492A757-7298-4ACD-966D-D1898520C6ED}"
EndProject
Project("{FAE04EC0-301F-11D3-BF4B-00C04F79EFBC}") = "Notes.db", "..\Notes.db\Notes.db.csproj", "{53F0D01E-9D4A-4BD5-B36D-E3EC1698C983}"
EndProject
Global
	GlobalSection(SolutionConfigurationPlatforms) = preSolution
		Debug|Any CPU = Debug|Any CPU
		Release|Any CPU = Release|Any CPU
	EndGlobalSection
	GlobalSection(ProjectConfigurationPlatforms) = postSolution
		{9492A757-7298-4ACD-966D-D1898520C6ED}.Debug|Any CPU.ActiveCfg = Debug|Any CPU
		{9492A757-7298-4ACD-966D-D1898520C6ED}.Debug|Any CPU.Build.0 = Debug|Any CPU
		{9492A757-7298-4ACD-966D-D1898520C6ED}.Release|Any CPU.ActiveCfg = Release|Any CPU
		{9492A757-7298-4ACD-966D-D1898520C6ED}.Release|Any CPU.Build.0 = Release|Any CPU
		{53F0D01E-9D4A-4BD5-B36D-E3EC1698C983}.Debug|Any CPU.ActiveCfg = Debug|Any CPU
		{53F0D01E-9D4A-4BD5-B36D-E3EC1698C983}.Debug|Any CPU.Build.0 = Debug|Any CPU
		{53F0D01E-9D4A-4BD5-B36D-E3EC1698C983}.Release|Any CPU.ActiveCfg = Release|Any CPU
		{53F0D01E-9D4A-4BD5-B36D-E3EC1698C983}.Release|Any CPU.Build.0 = Release|Any CPU
	EndGlobalSection
	GlobalSection(SolutionProperties) = preSolution
		HideSolutionNode = FALSE
	EndGlobalSection
	GlobalSection(ExtensibilityGlobals) = postSolution
		SolutionGuid = {015AE65D-96E4-4097-A94F-5D56E35249A9}
	EndGlobalSection
EndGlobal
