
Microsoft Visual Studio Solution File, Format Version 12.00
# Visual Studio Version 16
VisualStudioVersion = 16.0.30204.135
MinimumVisualStudioVersion = 10.0.40219.1
Project("{FAE04EC0-301F-11D3-BF4B-00C04F79EFBC}") = "notes_web_api", "notes_web_api.csproj", "{039684E6-DD77-4C65-BBFB-0F656A4A1BEE}"
EndProject
Project("{FAE04EC0-301F-11D3-BF4B-00C04F79EFBC}") = "Notes.db", "..\Notes.db\Notes.db.csproj", "{E9CB46E9-CFEA-4D16-8127-5727A08E417A}"
EndProject
Project("{FAE04EC0-301F-11D3-BF4B-00C04F79EFBC}") = "Notes.Services", "..\Notes.Services\Notes.Services.csproj", "{9A62ADC4-4554-44E2-AAFF-C99A4C8A5E98}"
EndProject
Global
	GlobalSection(SolutionConfigurationPlatforms) = preSolution
		Debug|Any CPU = Debug|Any CPU
		Release|Any CPU = Release|Any CPU
	EndGlobalSection
	GlobalSection(ProjectConfigurationPlatforms) = postSolution
		{039684E6-DD77-4C65-BBFB-0F656A4A1BEE}.Debug|Any CPU.ActiveCfg = Debug|Any CPU
		{039684E6-DD77-4C65-BBFB-0F656A4A1BEE}.Debug|Any CPU.Build.0 = Debug|Any CPU
		{039684E6-DD77-4C65-BBFB-0F656A4A1BEE}.Release|Any CPU.ActiveCfg = Release|Any CPU
		{039684E6-DD77-4C65-BBFB-0F656A4A1BEE}.Release|Any CPU.Build.0 = Release|Any CPU
		{E9CB46E9-CFEA-4D16-8127-5727A08E417A}.Debug|Any CPU.ActiveCfg = Debug|Any CPU
		{E9CB46E9-CFEA-4D16-8127-5727A08E417A}.Debug|Any CPU.Build.0 = Debug|Any CPU
		{E9CB46E9-CFEA-4D16-8127-5727A08E417A}.Release|Any CPU.ActiveCfg = Release|Any CPU
		{E9CB46E9-CFEA-4D16-8127-5727A08E417A}.Release|Any CPU.Build.0 = Release|Any CPU
		{9A62ADC4-4554-44E2-AAFF-C99A4C8A5E98}.Debug|Any CPU.ActiveCfg = Debug|Any CPU
		{9A62ADC4-4554-44E2-AAFF-C99A4C8A5E98}.Debug|Any CPU.Build.0 = Debug|Any CPU
		{9A62ADC4-4554-44E2-AAFF-C99A4C8A5E98}.Release|Any CPU.ActiveCfg = Release|Any CPU
		{9A62ADC4-4554-44E2-AAFF-C99A4C8A5E98}.Release|Any CPU.Build.0 = Release|Any CPU
	EndGlobalSection
	GlobalSection(SolutionProperties) = preSolution
		HideSolutionNode = FALSE
	EndGlobalSection
	GlobalSection(ExtensibilityGlobals) = postSolution
		SolutionGuid = {645FA115-A0A0-4C99-8349-5209AB52AA99}
	EndGlobalSection
EndGlobal
