
Microsoft Visual Studio Solution File, Format Version 12.00
# Visual Studio Version 16
VisualStudioVersion = 16.0.30204.135
MinimumVisualStudioVersion = 10.0.40219.1
Project("{FAE04EC0-301F-11D3-BF4B-00C04F79EFBC}") = "jQueryAjaxCRUDinASPNET", "jQueryAjaxCRUDinASPNET.csproj", "{2EB6AB04-D1E2-48F8-BCA8-D9B0B639C1B6}"
EndProject
Global
	GlobalSection(SolutionConfigurationPlatforms) = preSolution
		Debug|Any CPU = Debug|Any CPU
		Release|Any CPU = Release|Any CPU
	EndGlobalSection
	GlobalSection(ProjectConfigurationPlatforms) = postSolution
		{2EB6AB04-D1E2-48F8-BCA8-D9B0B639C1B6}.Debug|Any CPU.ActiveCfg = Debug|Any CPU
		{2EB6AB04-D1E2-48F8-BCA8-D9B0B639C1B6}.Debug|Any CPU.Build.0 = Debug|Any CPU
		{2EB6AB04-D1E2-48F8-BCA8-D9B0B639C1B6}.Release|Any CPU.ActiveCfg = Release|Any CPU
		{2EB6AB04-D1E2-48F8-BCA8-D9B0B639C1B6}.Release|Any CPU.Build.0 = Release|Any CPU
	EndGlobalSection
	GlobalSection(SolutionProperties) = preSolution
		HideSolutionNode = FALSE
	EndGlobalSection
	GlobalSection(ExtensibilityGlobals) = postSolution
		SolutionGuid = {7AD0903F-FF1E-4D56-92FF-91DAF7322C55}
	EndGlobalSection
EndGlobal
